Microsoft Visual Studio Solution File, Format Version 12.00
# Visual Studio Version 17
VisualStudioVersion = 17.5.2.0
MinimumVisualStudioVersion = 10.0.40219.1
Project("{FAE04EC0-301F-11D3-BF4B-00C04F79EFBC}") = "GitWitIt", "GitWitIt.csproj", "{D0626423-6F2C-6A62-A55B-7CDD604CC886}"
EndProject
Global
	GlobalSection(SolutionConfigurationPlatforms) = preSolution
		Debug|Any CPU = Debug|Any CPU
		Release|Any CPU = Release|Any CPU
	EndGlobalSection
	GlobalSection(ProjectConfigurationPlatforms) = postSolution
		{D0626423-6F2C-6A62-A55B-7CDD604CC886}.Debug|Any CPU.ActiveCfg = Debug|Any CPU
		{D0626423-6F2C-6A62-A55B-7CDD604CC886}.Debug|Any CPU.Build.0 = Debug|Any CPU
		{D0626423-6F2C-6A62-A55B-7CDD604CC886}.Release|Any CPU.ActiveCfg = Release|Any CPU
		{D0626423-6F2C-6A62-A55B-7CDD604CC886}.Release|Any CPU.Build.0 = Release|Any CPU
	EndGlobalSection
	GlobalSection(SolutionProperties) = preSolution
		HideSolutionNode = FALSE
	EndGlobalSection
	GlobalSection(ExtensibilityGlobals) = postSolution
		SolutionGuid = {3776FBD7-96D7-4CFA-AEDC-9FCC5A6E6A46}
	EndGlobalSection
EndGlobal
